github.com/Galagoshin/GoLogger v1.0.1 h1:xi6x5wXB1gp8GYmGKUmd5wPpdKb/r5lRd7qc5YYN+tM=
github.com/Galagoshin/GoLogger v1.0.1/go.mod h1:uLVfwLUuBL9T4qtbVK4le5mBZc3ZgNaGoK/z+EGhAw0=
github.com/Galagoshin/GoUtils v1.0.1 h1:fRBQxrcYhs6GO2TPU39QDWnA/9SrH58MFokPh+rla38=
github.com/Galagoshin/GoUtils v1.0.1/go.mod h1:MsyTwzpdgAClLChVpCWC/k4Zpgf0ky5dCKLVvTZSaCA=
